speakeasyVersion: 1.800.1
sources:
    Emailr API:
        sourceNamespace: emailr-api
        sourceRevisionDigest: sha256:d0ad66f2f9a3812ffe59eb29d7c043f9e8da04ff0d79d0cd5e210b3efdfc8546
        sourceBlobDigest: sha256:407f4e70a92516711443b86b5c09ca0ca655d8e293d89f9c758bb0e7b76678a9
        tags:
            - latest
            - 1.0.0
targets:
    emailr:
        source: Emailr API
        sourceNamespace: emailr-api
        sourceRevisionDigest: sha256:d0ad66f2f9a3812ffe59eb29d7c043f9e8da04ff0d79d0cd5e210b3efdfc8546
        sourceBlobDigest: sha256:407f4e70a92516711443b86b5c09ca0ca655d8e293d89f9c758bb0e7b76678a9
        codeSamplesNamespace: emailr-api-python-code-samples
        codeSamplesRevisionDigest: sha256:87f03e64476d0118189fc515b38a63d3e2fd00324033170bb7db8a3c8e6923c8
workflow:
    workflowVersion: 1.0.0
    speakeasyVersion: latest
    sources:
        Emailr API:
            inputs:
                - location: https://api.emailr.dev/openapi.json
            overlays:
                - location: .speakeasy/speakeasy-modifications-overlay.yaml
            output: .speakeasy/out.openapi.yaml
            registry:
                location: registry.speakeasyapi.dev/hormo/emailr/emailr-api
    targets:
        emailr:
            target: python
            source: Emailr API
            publish:
                pypi:
                    token: $pypi_token
            codeSamples:
                registry:
                    location: registry.speakeasyapi.dev/hormo/emailr/emailr-api-python-code-samples
                labelOverride:
                    fixedValue: Python (SDK)
                blocking: false
