speakeasyVersion: 1.755.0
sources:
    Emailr API:
        sourceNamespace: emailr-api
        sourceRevisionDigest: sha256:3e8b316670c5513507129dea0af6964027a893a600367a063a63a71238ca7330
        sourceBlobDigest: sha256:4dff74f8e9cbf546b0e624f1fdd7c9b3dedee7590361379c9d659b88a7c4bcf0
        tags:
            - latest
            - 1.0.0
targets:
    emailr:
        source: Emailr API
        sourceNamespace: emailr-api
        sourceRevisionDigest: sha256:3e8b316670c5513507129dea0af6964027a893a600367a063a63a71238ca7330
        sourceBlobDigest: sha256:4dff74f8e9cbf546b0e624f1fdd7c9b3dedee7590361379c9d659b88a7c4bcf0
        codeSamplesNamespace: emailr-api-python-code-samples
        codeSamplesRevisionDigest: sha256:f0ad18ebdf5a761cdf7ee358530bf0c75c176cbb15bbd1db5993540315f0e12b
workflow:
    workflowVersion: 1.0.0
    speakeasyVersion: latest
    sources:
        Emailr API:
            inputs:
                - location: https://api.emailr.dev/openapi.json
            overlays:
                - location: .speakeasy/speakeasy-modifications-overlay.yaml
            output: .speakeasy/out.openapi.yaml
            registry:
                location: registry.speakeasyapi.dev/hormo/emailr/emailr-api
    targets:
        emailr:
            target: python
            source: Emailr API
            publish:
                pypi:
                    token: $pypi_token
            codeSamples:
                registry:
                    location: registry.speakeasyapi.dev/hormo/emailr/emailr-api-python-code-samples
                labelOverride:
                    fixedValue: Python (SDK)
                blocking: false
