speakeasyVersion: 1.736.1
sources:
    Emailr API:
        sourceNamespace: emailr-api
        sourceRevisionDigest: sha256:624eedf4e32a7fdd14bd9692aba4a225a1ee219d3bba23d403c35ff88a4b9ec3
        sourceBlobDigest: sha256:166ed3c15c6cd403c0cd6db605c813a6dc14359ce2ebef0cf036db7902cc7741
        tags:
            - latest
            - speakeasy-sdk-regen-1770691976
            - 1.0.0
targets:
    emailr:
        source: Emailr API
        sourceNamespace: emailr-api
        sourceRevisionDigest: sha256:624eedf4e32a7fdd14bd9692aba4a225a1ee219d3bba23d403c35ff88a4b9ec3
        sourceBlobDigest: sha256:166ed3c15c6cd403c0cd6db605c813a6dc14359ce2ebef0cf036db7902cc7741
        codeSamplesNamespace: emailr-api-python-code-samples
        codeSamplesRevisionDigest: sha256:5f2c52d60db06c9be3d1b5585ed8b55b330d766b2ca13c18bb869b49288ffd17
workflow:
    workflowVersion: 1.0.0
    speakeasyVersion: latest
    sources:
        Emailr API:
            inputs:
                - location: https://api.emailr.dev/openapi.json
            overlays:
                - location: .speakeasy/speakeasy-modifications-overlay.yaml
            output: .speakeasy/out.openapi.yaml
            registry:
                location: registry.speakeasyapi.dev/hormo/emailr/emailr-api
    targets:
        emailr:
            target: python
            source: Emailr API
            publish:
                pypi:
                    token: $pypi_token
            codeSamples:
                registry:
                    location: registry.speakeasyapi.dev/hormo/emailr/emailr-api-python-code-samples
                labelOverride:
                    fixedValue: Python (SDK)
                blocking: false
